// !$*UTF8*$!
{
	archiveVersion = 1;
	classes = {
	};
	objectVersion = 46;
	objects = {

/* Begin PBXBuildFile section */
		0005AF7C1EAEC1E000A16A46 /* SettingsViewController.swift in Sources */ = {isa = PBXBuildFile; fileRef = 0005AF7B1EAEC1E000A16A46 /* SettingsViewController.swift */; };
		000962CB1EAAEE1600C7536E /* GoogleService-Info.plist in Resources */ = {isa = PBXBuildFile; fileRef = 000962CA1EAAEE1600C7536E /* GoogleService-Info.plist */; };
		001A419F1EA973EB00D30D9B /* AppDelegate.swift in Sources */ = {isa = PBXBuildFile; fileRef = 001A419E1EA973EB00D30D9B /* AppDelegate.swift */; };
		001A41A41EA973EB00D30D9B /* Main.storyboard in Resources */ = {isa = PBXBuildFile; fileRef = 001A41A21EA973EB00D30D9B /* Main.storyboard */; };
		001A41A61EA973EB00D30D9B /* Assets.xcassets in Resources */ = {isa = PBXBuildFile; fileRef = 001A41A51EA973EB00D30D9B /* Assets.xcassets */; };
		001A41A91EA973EB00D30D9B /* LaunchScreen.storyboard in Resources */ = {isa = PBXBuildFile; fileRef = 001A41A71EA973EB00D30D9B /* LaunchScreen.storyboard */; };
		009D35AF1EAAADE600F84B1F /* CalendarAppleCell.swift in Sources */ = {isa = PBXBuildFile; fileRef = 009D35AE1EAAADE600F84B1F /* CalendarAppleCell.swift */; };
		00A966491EA9ADB000186BEC /* LoginViewController.swift in Sources */ = {isa = PBXBuildFile; fileRef = 00A966481EA9ADB000186BEC /* LoginViewController.swift */; };
		00FB72511EAA6AEC003903B5 /* ListViewController.swift in Sources */ = {isa = PBXBuildFile; fileRef = 00FB72501EAA6AEC003903B5 /* ListViewController.swift */; };
		00FB72531EAA734E003903B5 /* CalendarViewController.swift in Sources */ = {isa = PBXBuildFile; fileRef = 00FB72521EAA734E003903B5 /* CalendarViewController.swift */; };
		00FB72551EAA7DB5003903B5 /* AddViewController.swift in Sources */ = {isa = PBXBuildFile; fileRef = 00FB72541EAA7DB5003903B5 /* AddViewController.swift */; };
		00FB72571EAA7DC0003903B5 /* EditViewController.swift in Sources */ = {isa = PBXBuildFile; fileRef = 00FB72561EAA7DC0003903B5 /* EditViewController.swift */; };
		00FB725D1EAA8790003903B5 /* Todo.swift in Sources */ = {isa = PBXBuildFile; fileRef = 00FB725C1EAA8790003903B5 /* Todo.swift */; };
		00FB72601EAA894F003903B5 /* TodoManager.swift in Sources */ = {isa = PBXBuildFile; fileRef = 00FB725F1EAA894F003903B5 /* TodoManager.swift */; };
		21790033BE945FE5DFCE5AFC /* Pods_Undo.framework in Frameworks */ = {isa = PBXBuildFile; fileRef = CDE701DAF2AC9AF8DAF01496 /* Pods_Undo.framework */; };
/* End PBXBuildFile section */

/* Begin PBXFileReference section */
		0005AF7B1EAEC1E000A16A46 /* SettingsViewController.swift */ = {isa = PBXFileReference; fileEncoding = 4; lastKnownFileType = sourcecode.swift; path = SettingsViewController.swift; sourceTree = "<group>"; };
		000962CA1EAAEE1600C7536E /* GoogleService-Info.plist */ = {isa = PBXFileReference; fileEncoding = 4; lastKnownFileType = text.plist.xml; name = "GoogleService-Info.plist"; path = "Undo/GoogleService-Info.plist"; sourceTree = "<group>"; };
		001A419B1EA973EB00D30D9B /* Undo.app */ = {isa = PBXFileReference; explicitFileType = wrapper.application; includeInIndex = 0; path = Undo.app; sourceTree = BUILT_PRODUCTS_DIR; };
		001A419E1EA973EB00D30D9B /* AppDelegate.swift */ = {isa = PBXFileReference; lastKnownFileType = sourcecode.swift; path = AppDelegate.swift; sourceTree = "<group>"; };
		001A41A31EA973EB00D30D9B /* Base */ = {isa = PBXFileReference; lastKnownFileType = file.storyboard; name = Base; path = Base.lproj/Main.storyboard; sourceTree = "<group>"; };
		001A41A51EA973EB00D30D9B /* Assets.xcassets */ = {isa = PBXFileReference; lastKnownFileType = folder.assetcatalog; path = Assets.xcassets; sourceTree = "<group>"; };
		001A41A81EA973EB00D30D9B /* Base */ = {isa = PBXFileReference; lastKnownFileType = file.storyboard; name = Base; path = Base.lproj/LaunchScreen.storyboard; sourceTree = "<group>"; };
		001A41AA1EA973EB00D30D9B /* Info.plist */ = {isa = PBXFileReference; lastKnownFileType = text.plist.xml; path = Info.plist; sourceTree = "<group>"; };
		009D35AE1EAAADE600F84B1F /* CalendarAppleCell.swift */ = {isa = PBXFileReference; fileEncoding = 4; lastKnownFileType = sourcecode.swift; path = CalendarAppleCell.swift; sourceTree = "<group>"; };
		00A966481EA9ADB000186BEC /* LoginViewController.swift */ = {isa = PBXFileReference; fileEncoding = 4; lastKnownFileType = sourcecode.swift; path = LoginViewController.swift; sourceTree = "<group>"; };
		00C602DF1EA9B40B00FFCC5A /* Undo.entitlements */ = {isa = PBXFileReference; lastKnownFileType = text.plist.entitlements; path = Undo.entitlements; sourceTree = "<group>"; };
		00FB72501EAA6AEC003903B5 /* ListViewController.swift */ = {isa = PBXFileReference; fileEncoding = 4; lastKnownFileType = sourcecode.swift; path = ListViewController.swift; sourceTree = "<group>"; };
		00FB72521EAA734E003903B5 /* CalendarViewController.swift */ = {isa = PBXFileReference; fileEncoding = 4; lastKnownFileType = sourcecode.swift; path = CalendarViewController.swift; sourceTree = "<group>"; };
		00FB72541EAA7DB5003903B5 /* AddViewController.swift */ = {isa = PBXFileReference; fileEncoding = 4; lastKnownFileType = sourcecode.swift; path = AddViewController.swift; sourceTree = "<group>"; };
		00FB72561EAA7DC0003903B5 /* EditViewController.swift */ = {isa = PBXFileReference; fileEncoding = 4; lastKnownFileType = sourcecode.swift; path = EditViewController.swift; sourceTree = "<group>"; };
		00FB725C1EAA8790003903B5 /* Todo.swift */ = {isa = PBXFileReference; fileEncoding = 4; lastKnownFileType = sourcecode.swift; path = Todo.swift; sourceTree = "<group>"; };
		00FB725F1EAA894F003903B5 /* TodoManager.swift */ = {isa = PBXFileReference; fileEncoding = 4; lastKnownFileType = sourcecode.swift; path = TodoManager.swift; sourceTree = "<group>"; };
		453AEBA1EEFB3507448A713F /* Pods-Undo.release.xcconfig */ = {isa = PBXFileReference; includeInIndex = 1; lastKnownFileType = text.xcconfig; name = "Pods-Undo.release.xcconfig"; path = "Pods/Target Support Files/Pods-Undo/Pods-Undo.release.xcconfig"; sourceTree = "<group>"; };
		903A11C1CC6ED104E67EC694 /* Pods-Undo.debug.xcconfig */ = {isa = PBXFileReference; includeInIndex = 1; lastKnownFileType = text.xcconfig; name = "Pods-Undo.debug.xcconfig"; path = "Pods/Target Support Files/Pods-Undo/Pods-Undo.debug.xcconfig"; sourceTree = "<group>"; };
		CDE701DAF2AC9AF8DAF01496 /* Pods_Undo.framework */ = {isa = PBXFileReference; explicitFileType = wrapper.framework; includeInIndex = 0; path = Pods_Undo.framework; sourceTree = BUILT_PRODUCTS_DIR; };
/* End PBXFileReference section */

/* Begin PBXFrameworksBuildPhase section */
		001A41981EA973EB00D30D9B /* Frameworks */ = {
			isa = PBXFrameworksBuildPhase;
			buildActionMask = 2147483647;
			files = (
				21790033BE945FE5DFCE5AFC /* Pods_Undo.framework in Frameworks */,
			);
			runOnlyForDeploymentPostprocessing = 0;
		};
/* End PBXFrameworksBuildPhase section */

/* Begin PBXGroup section */
		001A41921EA973EB00D30D9B = {
			isa = PBXGroup;
			children = (
				000962CA1EAAEE1600C7536E /* GoogleService-Info.plist */,
				001A419D1EA973EB00D30D9B /* Undo */,
				001A419C1EA973EB00D30D9B /* Products */,
				CB85BCE8CDC6F4BEB2EADFE7 /* Pods */,
				7B7547B67A6930AC307D0F42 /* Frameworks */,
			);
			sourceTree = "<group>";
		};
		001A419C1EA973EB00D30D9B /* Products */ = {
			isa = PBXGroup;
			children = (
				001A419B1EA973EB00D30D9B /* Undo.app */,
			);
			name = Products;
			sourceTree = "<group>";
		};
		001A419D1EA973EB00D30D9B /* Undo */ = {
			isa = PBXGroup;
			children = (
				00C602DF1EA9B40B00FFCC5A /* Undo.entitlements */,
				00FB725E1EAA88C0003903B5 /* Managers */,
				00A966451EA9AC1900186BEC /* Models */,
				00A966461EA9AC3200186BEC /* Views */,
				00A966471EA9AC3700186BEC /* Controllers */,
				001A419E1EA973EB00D30D9B /* AppDelegate.swift */,
				001A41A21EA973EB00D30D9B /* Main.storyboard */,
				001A41A51EA973EB00D30D9B /* Assets.xcassets */,
				001A41A71EA973EB00D30D9B /* LaunchScreen.storyboard */,
				001A41AA1EA973EB00D30D9B /* Info.plist */,
			);
			path = Undo;
			sourceTree = "<group>";
		};
		00A966451EA9AC1900186BEC /* Models */ = {
			isa = PBXGroup;
			children = (
				00FB725C1EAA8790003903B5 /* Todo.swift */,
			);
			name = Models;
			sourceTree = "<group>";
		};
		00A966461EA9AC3200186BEC /* Views */ = {
			isa = PBXGroup;
			children = (
				009D35AE1EAAADE600F84B1F /* CalendarAppleCell.swift */,
			);
			name = Views;
			sourceTree = "<group>";
		};
		00A966471EA9AC3700186BEC /* Controllers */ = {
			isa = PBXGroup;
			children = (
				00A966481EA9ADB000186BEC /* LoginViewController.swift */,
				00FB72501EAA6AEC003903B5 /* ListViewController.swift */,
				00FB72521EAA734E003903B5 /* CalendarViewController.swift */,
				00FB72541EAA7DB5003903B5 /* AddViewController.swift */,
				00FB72561EAA7DC0003903B5 /* EditViewController.swift */,
				0005AF7B1EAEC1E000A16A46 /* SettingsViewController.swift */,
			);
			name = Controllers;
			sourceTree = "<group>";
		};
		00FB725E1EAA88C0003903B5 /* Managers */ = {
			isa = PBXGroup;
			children = (
				00FB725F1EAA894F003903B5 /* TodoManager.swift */,
			);
			name = Managers;
			sourceTree = "<group>";
		};
		7B7547B67A6930AC307D0F42 /* Frameworks */ = {
			isa = PBXGroup;
			children = (
				CDE701DAF2AC9AF8DAF01496 /* Pods_Undo.framework */,
			);
			name = Frameworks;
			sourceTree = "<group>";
		};
		CB85BCE8CDC6F4BEB2EADFE7 /* Pods */ = {
			isa = PBXGroup;
			children = (
				903A11C1CC6ED104E67EC694 /* Pods-Undo.debug.xcconfig */,
				453AEBA1EEFB3507448A713F /* Pods-Undo.release.xcconfig */,
			);
			name = Pods;
			sourceTree = "<group>";
		};
/* End PBXGroup section */

/* Begin PBXNativeTarget section */
		001A419A1EA973EB00D30D9B /* Undo */ = {
			isa = PBXNativeTarget;
			buildConfigurationList = 001A41AD1EA973EB00D30D9B /* Build configuration list for PBXNativeTarget "Undo" */;
			buildPhases = (
				D72AF8110ABDBD1CABF1CF98 /* [CP] Check Pods Manifest.lock */,
				001A41971EA973EB00D30D9B /* Sources */,
				001A41981EA973EB00D30D9B /* Frameworks */,
				001A41991EA973EB00D30D9B /* Resources */,
				7266EC544146FA077A19F6AD /* [CP] Embed Pods Frameworks */,
				4D2AC2CF0C0377132B0969A0 /* [CP] Copy Pods Resources */,
			);
			buildRules = (
			);
			dependencies = (
			);
			name = Undo;
			productName = Undo;
			productReference = 001A419B1EA973EB00D30D9B /* Undo.app */;
			productType = "com.apple.product-type.application";
		};
/* End PBXNativeTarget section */

/* Begin PBXProject section */
		001A41931EA973EB00D30D9B /* Project object */ = {
			isa = PBXProject;
			attributes = {
				LastSwiftUpdateCheck = 0830;
				LastUpgradeCheck = 0830;
				ORGANIZATIONNAME = "Tiffany Tjahjadi";
				TargetAttributes = {
					001A419A1EA973EB00D30D9B = {
						CreatedOnToolsVersion = 8.3.1;
						DevelopmentTeam = 833QHB9U78;
						ProvisioningStyle = Automatic;
						SystemCapabilities = {
							com.apple.Keychain = {
								enabled = 1;
							};
						};
					};
				};
			};
			buildConfigurationList = 001A41961EA973EB00D30D9B /* Build configuration list for PBXProject "Undo" */;
			compatibilityVersion = "Xcode 3.2";
			developmentRegion = English;
			hasScannedForEncodings = 0;
			knownRegions = (
				en,
				Base,
			);
			mainGroup = 001A41921EA973EB00D30D9B;
			productRefGroup = 001A419C1EA973EB00D30D9B /* Products */;
			projectDirPath = "";
			projectRoot = "";
			targets = (
				001A419A1EA973EB00D30D9B /* Undo */,
			);
		};
/* End PBXProject section */

/* Begin PBXResourcesBuildPhase section */
		001A41991EA973EB00D30D9B /* Resources */ = {
			isa = PBXResourcesBuildPhase;
			buildActionMask = 2147483647;
			files = (
				001A41A91EA973EB00D30D9B /* LaunchScreen.storyboard in Resources */,
				000962CB1EAAEE1600C7536E /* GoogleService-Info.plist in Resources */,
				001A41A61EA973EB00D30D9B /* Assets.xcassets in Resources */,
				001A41A41EA973EB00D30D9B /* Main.storyboard in Resources */,
			);
			runOnlyForDeploymentPostprocessing = 0;
		};
/* End PBXResourcesBuildPhase section */

/* Begin PBXShellScriptBuildPhase section */
		4D2AC2CF0C0377132B0969A0 /* [CP] Copy Pods Resources */ = {
			isa = PBXShellScriptBuildPhase;
			buildActionMask = 2147483647;
			files = (
			);
			inputPaths = (
			);
			name = "[CP] Copy Pods Resources";
			outputPaths = (
			);
			runOnlyForDeploymentPostprocessing = 0;
			shellPath = /bin/sh;
			shellScript = "\"${SRCROOT}/Pods/Target Support Files/Pods-Undo/Pods-Undo-resources.sh\"\n";
			showEnvVarsInLog = 0;
		};
		7266EC544146FA077A19F6AD /* [CP] Embed Pods Frameworks */ = {
			isa = PBXShellScriptBuildPhase;
			buildActionMask = 2147483647;
			files = (
			);
			inputPaths = (
			);
			name = "[CP] Embed Pods Frameworks";
			outputPaths = (
			);
			runOnlyForDeploymentPostprocessing = 0;
			shellPath = /bin/sh;
			shellScript = "\"${SRCROOT}/Pods/Target Support Files/Pods-Undo/Pods-Undo-frameworks.sh\"\n";
			showEnvVarsInLog = 0;
		};
		D72AF8110ABDBD1CABF1CF98 /* [CP] Check Pods Manifest.lock */ = {
			isa = PBXShellScriptBuildPhase;
			buildActionMask = 2147483647;
			files = (
			);
			inputPaths = (
			);
			name = "[CP] Check Pods Manifest.lock";
			outputPaths = (
			);
			runOnlyForDeploymentPostprocessing = 0;
			shellPath = /bin/sh;
			shellScript = "diff \"${PODS_PODFILE_DIR_PATH}/Podfile.lock\" \"${PODS_ROOT}/Manifest.lock\" > /dev/null\nif [ $? != 0 ] ; then\n    # print error to STDERR\n    echo \"error: The sandbox is not in sync with the Podfile.lock. Run 'pod install' or update your CocoaPods installation.\" >&2\n    exit 1\nfi\n";
			showEnvVarsInLog = 0;
		};
/* End PBXShellScriptBuildPhase section */

/* Begin PBXSourcesBuildPhase section */
		001A41971EA973EB00D30D9B /* Sources */ = {
			isa = PBXSourcesBuildPhase;
			buildActionMask = 2147483647;
			files = (
				009D35AF1EAAADE600F84B1F /* CalendarAppleCell.swift in Sources */,
				00FB725D1EAA8790003903B5 /* Todo.swift in Sources */,
				00FB72551EAA7DB5003903B5 /* AddViewController.swift in Sources */,
				0005AF7C1EAEC1E000A16A46 /* SettingsViewController.swift in Sources */,
				00FB72531EAA734E003903B5 /* CalendarViewController.swift in Sources */,
				00FB72571EAA7DC0003903B5 /* EditViewController.swift in Sources */,
				00A966491EA9ADB000186BEC /* LoginViewController.swift in Sources */,
				00FB72601EAA894F003903B5 /* TodoManager.swift in Sources */,
				00FB72511EAA6AEC003903B5 /* ListViewController.swift in Sources */,
				001A419F1EA973EB00D30D9B /* AppDelegate.swift in Sources */,
			);
			runOnlyForDeploymentPostprocessing = 0;
		};
/* End PBXSourcesBuildPhase section */

/* Begin PBXVariantGroup section */
		001A41A21EA973EB00D30D9B /* Main.storyboard */ = {
			isa = PBXVariantGroup;
			children = (
				001A41A31EA973EB00D30D9B /* Base */,
			);
			name = Main.storyboard;
			sourceTree = "<group>";
		};
		001A41A71EA973EB00D30D9B /* LaunchScreen.storyboard */ = {
			isa = PBXVariantGroup;
			children = (
				001A41A81EA973EB00D30D9B /* Base */,
			);
			name = LaunchScreen.storyboard;
			sourceTree = "<group>";
		};
/* End PBXVariantGroup section */

/* Begin XCBuildConfiguration section */
		001A41AB1EA973EB00D30D9B /* Debug */ = {
			isa = XCBuildConfiguration;
			buildSettings = {
				ALWAYS_SEARCH_USER_PATHS = NO;
				CLANG_ANALYZER_NONNULL = YES;
				CLANG_ANALYZER_NUMBER_OBJECT_CONVERSION = YES_AGGRESSIVE;
				CLANG_CXX_LANGUAGE_STANDARD = "gnu++0x";
				CLANG_CXX_LIBRARY = "libc++";
				CLANG_ENABLE_MODULES = YES;
				CLANG_ENABLE_OBJC_ARC = YES;
				CLANG_WARN_BOOL_CONVERSION = YES;
				CLANG_WARN_CONSTANT_CONVERSION = YES;
				CLANG_WARN_DIRECT_OBJC_ISA_USAGE = YES_ERROR;
				CLANG_WARN_DOCUMENTATION_COMMENTS = YES;
				CLANG_WARN_EMPTY_BODY = YES;
				CLANG_WARN_ENUM_CONVERSION = YES;
				CLANG_WARN_INFINITE_RECURSION = YES;
				CLANG_WARN_INT_CONVERSION = YES;
				CLANG_WARN_OBJC_ROOT_CLASS = YES_ERROR;
				CLANG_WARN_SUSPICIOUS_MOVE = YES;
				CLANG_WARN_UNREACHABLE_CODE = YES;
				CLANG_WARN__DUPLICATE_METHOD_MATCH = YES;
				"CODE_SIGN_IDENTITY[sdk=iphoneos*]" = "iPhone Developer";
				COPY_PHASE_STRIP = NO;
				DEBUG_INFORMATION_FORMAT = dwarf;
				ENABLE_STRICT_OBJC_MSGSEND = YES;
				ENABLE_TESTABILITY = YES;
				GCC_C_LANGUAGE_STANDARD = gnu99;
				GCC_DYNAMIC_NO_PIC = NO;
				GCC_NO_COMMON_BLOCKS = YES;
				GCC_OPTIMIZATION_LEVEL = 0;
				GCC_PREPROCESSOR_DEFINITIONS = (
					"DEBUG=1",
					"$(inherited)",
				);
				GCC_WARN_64_TO_32_BIT_CONVERSION = YES;
				GCC_WARN_ABOUT_RETURN_TYPE = YES_ERROR;
				GCC_WARN_UNDECLARED_SELECTOR = YES;
				GCC_WARN_UNINITIALIZED_AUTOS = YES_AGGRESSIVE;
				GCC_WARN_UNUSED_FUNCTION = YES;
				GCC_WARN_UNUSED_VARIABLE = YES;
				IPHONEOS_DEPLOYMENT_TARGET = 10.3;
				MTL_ENABLE_DEBUG_INFO = YES;
				ONLY_ACTIVE_ARCH = YES;
				SDKROOT = iphoneos;
				SWIFT_ACTIVE_COMPILATION_CONDITIONS = DEBUG;
				SWIFT_OPTIMIZATION_LEVEL = "-Onone";
			};
			name = Debug;
		};
		001A41AC1EA973EB00D30D9B /* Release */ = {
			isa = XCBuildConfiguration;
			buildSettings = {
				ALWAYS_SEARCH_USER_PATHS = NO;
				CLANG_ANALYZER_NONNULL = YES;
				CLANG_ANALYZER_NUMBER_OBJECT_CONVERSION = YES_AGGRESSIVE;
				CLANG_CXX_LANGUAGE_STANDARD = "gnu++0x";
				CLANG_CXX_LIBRARY = "libc++";
				CLANG_ENABLE_MODULES = YES;
				CLANG_ENABLE_OBJC_ARC = YES;
				CLANG_WARN_BOOL_CONVERSION = YES;
				CLANG_WARN_CONSTANT_CONVERSION = YES;
				CLANG_WARN_DIRECT_OBJC_ISA_USAGE = YES_ERROR;
				CLANG_WARN_DOCUMENTATION_COMMENTS = YES;
				CLANG_WARN_EMPTY_BODY = YES;
				CLANG_WARN_ENUM_CONVERSION = YES;
				CLANG_WARN_INFINITE_RECURSION = YES;
				CLANG_WARN_INT_CONVERSION = YES;
				CLANG_WARN_OBJC_ROOT_CLASS = YES_ERROR;
				CLANG_WARN_SUSPICIOUS_MOVE = YES;
				CLANG_WARN_UNREACHABLE_CODE = YES;
				CLANG_WARN__DUPLICATE_METHOD_MATCH = YES;
				"CODE_SIGN_IDENTITY[sdk=iphoneos*]" = "iPhone Developer";
				COPY_PHASE_STRIP = NO;
				DEBUG_INFORMATION_FORMAT = "dwarf-with-dsym";
				ENABLE_NS_ASSERTIONS = NO;
				ENABLE_STRICT_OBJC_MSGSEND = YES;
				GCC_C_LANGUAGE_STANDARD = gnu99;
				GCC_NO_COMMON_BLOCKS = YES;
				GCC_WARN_64_TO_32_BIT_CONVERSION = YES;
				GCC_WARN_ABOUT_RETURN_TYPE = YES_ERROR;
				GCC_WARN_UNDECLARED_SELECTOR = YES;
				GCC_WARN_UNINITIALIZED_AUTOS = YES_AGGRESSIVE;
				GCC_WARN_UNUSED_FUNCTION = YES;
				GCC_WARN_UNUSED_VARIABLE = YES;
				IPHONEOS_DEPLOYMENT_TARGET = 10.3;
				MTL_ENABLE_DEBUG_INFO = NO;
				SDKROOT = iphoneos;
				SWIFT_OPTIMIZATION_LEVEL = "-Owholemodule";
				VALIDATE_PRODUCT = YES;
			};
			name = Release;
		};
		001A41AE1EA973EB00D30D9B /* Debug */ = {
			isa = XCBuildConfiguration;
			baseConfigurationReference = 903A11C1CC6ED104E67EC694 /* Pods-Undo.debug.xcconfig */;
			buildSettings = {
				ASSETCATALOG_COMPILER_APPICON_NAME = AppIcon;
				CODE_SIGN_ENTITLEMENTS = Undo/Undo.entitlements;
				DEVELOPMENT_TEAM = 833QHB9U78;
				INFOPLIST_FILE = Undo/Info.plist;
				LD_RUNPATH_SEARCH_PATHS = "$(inherited) @executable_path/Frameworks";
				PRODUCT_BUNDLE_IDENTIFIER = com.tashleyy.Undo;
				PRODUCT_NAME = "$(TARGET_NAME)";
				SWIFT_VERSION = 3.0;
			};
			name = Debug;
		};
		001A41AF1EA973EB00D30D9B /* Release */ = {
			isa = XCBuildConfiguration;
			baseConfigurationReference = 453AEBA1EEFB3507448A713F /* Pods-Undo.release.xcconfig */;
			buildSettings = {
				ASSETCATALOG_COMPILER_APPICON_NAME = AppIcon;
				CODE_SIGN_ENTITLEMENTS = Undo/Undo.entitlements;
				DEVELOPMENT_TEAM = 833QHB9U78;
				INFOPLIST_FILE = Undo/Info.plist;
				LD_RUNPATH_SEARCH_PATHS = "$(inherited) @executable_path/Frameworks";
				PRODUCT_BUNDLE_IDENTIFIER = com.tashleyy.Undo;
				PRODUCT_NAME = "$(TARGET_NAME)";
				SWIFT_VERSION = 3.0;
			};
			name = Release;
		};
/* End XCBuildConfiguration section */

/* Begin XCConfigurationList section */
		001A41961EA973EB00D30D9B /* Build configuration list for PBXProject "Undo" */ = {
			isa = XCConfigurationList;
			buildConfigurations = (
				001A41AB1EA973EB00D30D9B /* Debug */,
				001A41AC1EA973EB00D30D9B /* Release */,
			);
			defaultConfigurationIsVisible = 0;
			defaultConfigurationName = Release;
		};
		001A41AD1EA973EB00D30D9B /* Build configuration list for PBXNativeTarget "Undo" */ = {
			isa = XCConfigurationList;
			buildConfigurations = (
				001A41AE1EA973EB00D30D9B /* Debug */,
				001A41AF1EA973EB00D30D9B /* Release */,
			);
			defaultConfigurationIsVisible = 0;
			defaultConfigurationName = Release;
		};
/* End XCConfigurationList section */
	};
	rootObject = 001A41931EA973EB00D30D9B /* Project object */;
}
